// !$*UTF8*$!
{
	archiveVersion = 1;
	classes = {
	};
	objectVersion = 46;
	objects = {

/* Begin PBXBuildFile section */
		79D80B241F69DF7000F01E60 /* AppDelegate.swift in Sources */ = {isa = PBXBuildFile; fileRef = 79D80B231F69DF7000F01E60 /* AppDelegate.swift */; };
		79D80B261F69DF7000F01E60 /* ViewController.swift in Sources */ = {isa = PBXBuildFile; fileRef = 79D80B251F69DF7000F01E60 /* ViewController.swift */; };
		79D80B291F69DF7000F01E60 /* Main.storyboard in Resources */ = {isa = PBXBuildFile; fileRef = 79D80B271F69DF7000F01E60 /* Main.storyboard */; };
		79D80B2C1F69DF7000F01E60 /* hello.xcdatamodeld in Sources */ = {isa = PBXBuildFile; fileRef = 79D80B2A1F69DF7000F01E60 /* hello.xcdatamodeld */; };
		79D80B2E1F69DF7000F01E60 /* Assets.xcassets in Resources */ = {isa = PBXBuildFile; fileRef = 79D80B2D1F69DF7000F01E60 /* Assets.xcassets */; };
		79D80B311F69DF7000F01E60 /* LaunchScreen.storyboard in Resources */ = {isa = PBXBuildFile; fileRef = 79D80B2F1F69DF7000F01E60 /* LaunchScreen.storyboard */; };
		79D80B3C1F69DF7000F01E60 /* helloTests.swift in Sources */ = {isa = PBXBuildFile; fileRef = 79D80B3B1F69DF7000F01E60 /* helloTests.swift */; };
		79D80B471F69DF7000F01E60 /* helloUITests.swift in Sources */ = {isa = PBXBuildFile; fileRef = 79D80B461F69DF7000F01E60 /* helloUITests.swift */; };
/* End PBXBuildFile section */

/* Begin PBXContainerItemProxy section */
		79D80B381F69DF7000F01E60 /* PBXContainerItemProxy */ = {
			isa = PBXContainerItemProxy;
			containerPortal = 79D80B181F69DF7000F01E60 /* Project object */;
			proxyType = 1;
			remoteGlobalIDString = 79D80B1F1F69DF7000F01E60;
			remoteInfo = hello;
		};
		79D80B431F69DF7000F01E60 /* PBXContainerItemProxy */ = {
			isa = PBXContainerItemProxy;
			containerPortal = 79D80B181F69DF7000F01E60 /* Project object */;
			proxyType = 1;
			remoteGlobalIDString = 79D80B1F1F69DF7000F01E60;
			remoteInfo = hello;
		};
/* End PBXContainerItemProxy section */

/* Begin PBXFileReference section */
		79D80B201F69DF7000F01E60 /* hello.app */ = {isa = PBXFileReference; explicitFileType = wrapper.application; includeInIndex = 0; path = hello.app; sourceTree = BUILT_PRODUCTS_DIR; };
		79D80B231F69DF7000F01E60 /* AppDelegate.swift */ = {isa = PBXFileReference; lastKnownFileType = sourcecode.swift; path = AppDelegate.swift; sourceTree = "<group>"; };
		79D80B251F69DF7000F01E60 /* ViewController.swift */ = {isa = PBXFileReference; lastKnownFileType = sourcecode.swift; path = ViewController.swift; sourceTree = "<group>"; };
		79D80B281F69DF7000F01E60 /* Base */ = {isa = PBXFileReference; lastKnownFileType = file.storyboard; name = Base; path = Base.lproj/Main.storyboard; sourceTree = "<group>"; };
		79D80B2B1F69DF7000F01E60 /* hello.xcdatamodel */ = {isa = PBXFileReference; lastKnownFileType = wrapper.xcdatamodel; path = hello.xcdatamodel; sourceTree = "<group>"; };
		79D80B2D1F69DF7000F01E60 /* Assets.xcassets */ = {isa = PBXFileReference; lastKnownFileType = folder.assetcatalog; path = Assets.xcassets; sourceTree = "<group>"; };
		79D80B301F69DF7000F01E60 /* Base */ = {isa = PBXFileReference; lastKnownFileType = file.storyboard; name = Base; path = Base.lproj/LaunchScreen.storyboard; sourceTree = "<group>"; };
		79D80B321F69DF7000F01E60 /* Info.plist */ = {isa = PBXFileReference; lastKnownFileType = text.plist.xml; path = Info.plist; sourceTree = "<group>"; };
		79D80B371F69DF7000F01E60 /* helloTests.xctest */ = {isa = PBXFileReference; explicitFileType = wrapper.cfbundle; includeInIndex = 0; path = helloTests.xctest; sourceTree = BUILT_PRODUCTS_DIR; };
		79D80B3B1F69DF7000F01E60 /* helloTests.swift */ = {isa = PBXFileReference; lastKnownFileType = sourcecode.swift; path = helloTests.swift; sourceTree = "<group>"; };
		79D80B3D1F69DF7000F01E60 /* Info.plist */ = {isa = PBXFileReference; lastKnownFileType = text.plist.xml; path = Info.plist; sourceTree = "<group>"; };
		79D80B421F69DF7000F01E60 /* helloUITests.xctest */ = {isa = PBXFileReference; explicitFileType = wrapper.cfbundle; includeInIndex = 0; path = helloUITests.xctest; sourceTree = BUILT_PRODUCTS_DIR; };
		79D80B461F69DF7000F01E60 /* helloUITests.swift */ = {isa = PBXFileReference; lastKnownFileType = sourcecode.swift; path = helloUITests.swift; sourceTree = "<group>"; };
		79D80B481F69DF7000F01E60 /* Info.plist */ = {isa = PBXFileReference; lastKnownFileType = text.plist.xml; path = Info.plist; sourceTree = "<group>"; };
/* End PBXFileReference section */

/* Begin PBXFrameworksBuildPhase section */
		79D80B1D1F69DF7000F01E60 /* Frameworks */ = {
			isa = PBXFrameworksBuildPhase;
			buildActionMask = 2147483647;
			files = (
			);
			runOnlyForDeploymentPostprocessing = 0;
		};
		79D80B341F69DF7000F01E60 /* Frameworks */ = {
			isa = PBXFrameworksBuildPhase;
			buildActionMask = 2147483647;
			files = (
			);
			runOnlyForDeploymentPostprocessing = 0;
		};
		79D80B3F1F69DF7000F01E60 /* Frameworks */ = {
			isa = PBXFrameworksBuildPhase;
			buildActionMask = 2147483647;
			files = (
			);
			runOnlyForDeploymentPostprocessing = 0;
		};
/* End PBXFrameworksBuildPhase section */

/* Begin PBXGroup section */
		79D80B171F69DF7000F01E60 = {
			isa = PBXGroup;
			children = (
				79D80B221F69DF7000F01E60 /* hello */,
				79D80B3A1F69DF7000F01E60 /* helloTests */,
				79D80B451F69DF7000F01E60 /* helloUITests */,
				79D80B211F69DF7000F01E60 /* Products */,
			);
			sourceTree = "<group>";
		};
		79D80B211F69DF7000F01E60 /* Products */ = {
			isa = PBXGroup;
			children = (
				79D80B201F69DF7000F01E60 /* hello.app */,
				79D80B371F69DF7000F01E60 /* helloTests.xctest */,
				79D80B421F69DF7000F01E60 /* helloUITests.xctest */,
			);
			name = Products;
			sourceTree = "<group>";
		};
		79D80B221F69DF7000F01E60 /* hello */ = {
			isa = PBXGroup;
			children = (
				79D80B231F69DF7000F01E60 /* AppDelegate.swift */,
				79D80B251F69DF7000F01E60 /* ViewController.swift */,
				79D80B271F69DF7000F01E60 /* Main.storyboard */,
				79D80B2D1F69DF7000F01E60 /* Assets.xcassets */,
				79D80B2F1F69DF7000F01E60 /* LaunchScreen.storyboard */,
				79D80B321F69DF7000F01E60 /* Info.plist */,
				79D80B2A1F69DF7000F01E60 /* hello.xcdatamodeld */,
			);
			path = hello;
			sourceTree = "<group>";
		};
		79D80B3A1F69DF7000F01E60 /* helloTests */ = {
			isa = PBXGroup;
			children = (
				79D80B3B1F69DF7000F01E60 /* helloTests.swift */,
				79D80B3D1F69DF7000F01E60 /* Info.plist */,
			);
			path = helloTests;
			sourceTree = "<group>";
		};
		79D80B451F69DF7000F01E60 /* helloUITests */ = {
			isa = PBXGroup;
			children = (
				79D80B461F69DF7000F01E60 /* helloUITests.swift */,
				79D80B481F69DF7000F01E60 /* Info.plist */,
			);
			path = helloUITests;
			sourceTree = "<group>";
		};
/* End PBXGroup section */

/* Begin PBXNativeTarget section */
		79D80B1F1F69DF7000F01E60 /* hello */ = {
			isa = PBXNativeTarget;
			buildConfigurationList = 79D80B4B1F69DF7000F01E60 /* Build configuration list for PBXNativeTarget "hello" */;
			buildPhases = (
				79D80B1C1F69DF7000F01E60 /* Sources */,
				79D80B1D1F69DF7000F01E60 /* Frameworks */,
				79D80B1E1F69DF7000F01E60 /* Resources */,
			);
			buildRules = (
			);
			dependencies = (
			);
			name = hello;
			productName = hello;
			productReference = 79D80B201F69DF7000F01E60 /* hello.app */;
			productType = "com.apple.product-type.application";
		};
		79D80B361F69DF7000F01E60 /* helloTests */ = {
			isa = PBXNativeTarget;
			buildConfigurationList = 79D80B4E1F69DF7000F01E60 /* Build configuration list for PBXNativeTarget "helloTests" */;
			buildPhases = (
				79D80B331F69DF7000F01E60 /* Sources */,
				79D80B341F69DF7000F01E60 /* Frameworks */,
				79D80B351F69DF7000F01E60 /* Resources */,
			);
			buildRules = (
			);
			dependencies = (
				79D80B391F69DF7000F01E60 /* PBXTargetDependency */,
			);
			name = helloTests;
			productName = helloTests;
			productReference = 79D80B371F69DF7000F01E60 /* helloTests.xctest */;
			productType = "com.apple.product-type.bundle.unit-test";
		};
		79D80B411F69DF7000F01E60 /* helloUITests */ = {
			isa = PBXNativeTarget;
			buildConfigurationList = 79D80B511F69DF7000F01E60 /* Build configuration list for PBXNativeTarget "helloUITests" */;
			buildPhases = (
				79D80B3E1F69DF7000F01E60 /* Sources */,
				79D80B3F1F69DF7000F01E60 /* Frameworks */,
				79D80B401F69DF7000F01E60 /* Resources */,
			);
			buildRules = (
			);
			dependencies = (
				79D80B441F69DF7000F01E60 /* PBXTargetDependency */,
			);
			name = helloUITests;
			productName = helloUITests;
			productReference = 79D80B421F69DF7000F01E60 /* helloUITests.xctest */;
			productType = "com.apple.product-type.bundle.ui-testing";
		};
/* End PBXNativeTarget section */

/* Begin PBXProject section */
		79D80B181F69DF7000F01E60 /* Project object */ = {
			isa = PBXProject;
			attributes = {
				LastSwiftUpdateCheck = 0830;
				LastUpgradeCheck = 0830;
				ORGANIZATIONNAME = "james luo";
				TargetAttributes = {
					79D80B1F1F69DF7000F01E60 = {
						CreatedOnToolsVersion = 8.3.3;
						ProvisioningStyle = Automatic;
					};
					79D80B361F69DF7000F01E60 = {
						CreatedOnToolsVersion = 8.3.3;
						ProvisioningStyle = Automatic;
						TestTargetID = 79D80B1F1F69DF7000F01E60;
					};
					79D80B411F69DF7000F01E60 = {
						CreatedOnToolsVersion = 8.3.3;
						ProvisioningStyle = Automatic;
						TestTargetID = 79D80B1F1F69DF7000F01E60;
					};
				};
			};
			buildConfigurationList = 79D80B1B1F69DF7000F01E60 /* Build configuration list for PBXProject "hello" */;
			compatibilityVersion = "Xcode 3.2";
			developmentRegion = English;
			hasScannedForEncodings = 0;
			knownRegions = (
				en,
				Base,
			);
			mainGroup = 79D80B171F69DF7000F01E60;
			productRefGroup = 79D80B211F69DF7000F01E60 /* Products */;
			projectDirPath = "";
			projectRoot = "";
			targets = (
				79D80B1F1F69DF7000F01E60 /* hello */,
				79D80B361F69DF7000F01E60 /* helloTests */,
				79D80B411F69DF7000F01E60 /* helloUITests */,
			);
		};
/* End PBXProject section */

/* Begin PBXResourcesBuildPhase section */
		79D80B1E1F69DF7000F01E60 /* Resources */ = {
			isa = PBXResourcesBuildPhase;
			buildActionMask = 2147483647;
			files = (
				79D80B311F69DF7000F01E60 /* LaunchScreen.storyboard in Resources */,
				79D80B2E1F69DF7000F01E60 /* Assets.xcassets in Resources */,
				79D80B291F69DF7000F01E60 /* Main.storyboard in Resources */,
			);
			runOnlyForDeploymentPostprocessing = 0;
		};
		79D80B351F69DF7000F01E60 /* Resources */ = {
			isa = PBXResourcesBuildPhase;
			buildActionMask = 2147483647;
			files = (
			);
			runOnlyForDeploymentPostprocessing = 0;
		};
		79D80B401F69DF7000F01E60 /* Resources */ = {
			isa = PBXResourcesBuildPhase;
			buildActionMask = 2147483647;
			files = (
			);
			runOnlyForDeploymentPostprocessing = 0;
		};
/* End PBXResourcesBuildPhase section */

/* Begin PBXSourcesBuildPhase section */
		79D80B1C1F69DF7000F01E60 /* Sources */ = {
			isa = PBXSourcesBuildPhase;
			buildActionMask = 2147483647;
			files = (
				79D80B261F69DF7000F01E60 /* ViewController.swift in Sources */,
				79D80B2C1F69DF7000F01E60 /* hello.xcdatamodeld in Sources */,
				79D80B241F69DF7000F01E60 /* AppDelegate.swift in Sources */,
			);
			runOnlyForDeploymentPostprocessing = 0;
		};
		79D80B331F69DF7000F01E60 /* Sources */ = {
			isa = PBXSourcesBuildPhase;
			buildActionMask = 2147483647;
			files = (
				79D80B3C1F69DF7000F01E60 /* helloTests.swift in Sources */,
			);
			runOnlyForDeploymentPostprocessing = 0;
		};
		79D80B3E1F69DF7000F01E60 /* Sources */ = {
			isa = PBXSourcesBuildPhase;
			buildActionMask = 2147483647;
			files = (
				79D80B471F69DF7000F01E60 /* helloUITests.swift in Sources */,
			);
			runOnlyForDeploymentPostprocessing = 0;
		};
/* End PBXSourcesBuildPhase section */

/* Begin PBXTargetDependency section */
		79D80B391F69DF7000F01E60 /* PBXTargetDependency */ = {
			isa = PBXTargetDependency;
			target = 79D80B1F1F69DF7000F01E60 /* hello */;
			targetProxy = 79D80B381F69DF7000F01E60 /* PBXContainerItemProxy */;
		};
		79D80B441F69DF7000F01E60 /* PBXTargetDependency */ = {
			isa = PBXTargetDependency;
			target = 79D80B1F1F69DF7000F01E60 /* hello */;
			targetProxy = 79D80B431F69DF7000F01E60 /* PBXContainerItemProxy */;
		};
/* End PBXTargetDependency section */

/* Begin PBXVariantGroup section */
		79D80B271F69DF7000F01E60 /* Main.storyboard */ = {
			isa = PBXVariantGroup;
			children = (
				79D80B281F69DF7000F01E60 /* Base */,
			);
			name = Main.storyboard;
			sourceTree = "<group>";
		};
		79D80B2F1F69DF7000F01E60 /* LaunchScreen.storyboard */ = {
			isa = PBXVariantGroup;
			children = (
				79D80B301F69DF7000F01E60 /* Base */,
			);
			name = LaunchScreen.storyboard;
			sourceTree = "<group>";
		};
/* End PBXVariantGroup section */

/* Begin XCBuildConfiguration section */
		79D80B491F69DF7000F01E60 /* Debug */ = {
			isa = XCBuildConfiguration;
			buildSettings = {
				ALWAYS_SEARCH_USER_PATHS = NO;
				CLANG_ANALYZER_NONNULL = YES;
				CLANG_ANALYZER_NUMBER_OBJECT_CONVERSION = YES_AGGRESSIVE;
				CLANG_CXX_LANGUAGE_STANDARD = "gnu++0x";
				CLANG_CXX_LIBRARY = "libc++";
				CLANG_ENABLE_MODULES = YES;
				CLANG_ENABLE_OBJC_ARC = YES;
				CLANG_WARN_BOOL_CONVERSION = YES;
				CLANG_WARN_CONSTANT_CONVERSION = YES;
				CLANG_WARN_DIRECT_OBJC_ISA_USAGE = YES_ERROR;
				CLANG_WARN_DOCUMENTATION_COMMENTS = YES;
				CLANG_WARN_EMPTY_BODY = YES;
				CLANG_WARN_ENUM_CONVERSION = YES;
				CLANG_WARN_INFINITE_RECURSION = YES;
				CLANG_WARN_INT_CONVERSION = YES;
				CLANG_WARN_OBJC_ROOT_CLASS = YES_ERROR;
				CLANG_WARN_SUSPICIOUS_MOVE = YES;
				CLANG_WARN_UNREACHABLE_CODE = YES;
				CLANG_WARN__DUPLICATE_METHOD_MATCH = YES;
				"CODE_SIGN_IDENTITY[sdk=iphoneos*]" = "iPhone Developer";
				COPY_PHASE_STRIP = NO;
				DEBUG_INFORMATION_FORMAT = dwarf;
				ENABLE_STRICT_OBJC_MSGSEND = YES;
				ENABLE_TESTABILITY = YES;
				GCC_C_LANGUAGE_STANDARD = gnu99;
				GCC_DYNAMIC_NO_PIC = NO;
				GCC_NO_COMMON_BLOCKS = YES;
				GCC_OPTIMIZATION_LEVEL = 0;
				GCC_PREPROCESSOR_DEFINITIONS = (
					"DEBUG=1",
					"$(inherited)",
				);
				GCC_WARN_64_TO_32_BIT_CONVERSION = YES;
				GCC_WARN_ABOUT_RETURN_TYPE = YES_ERROR;
				GCC_WARN_UNDECLARED_SELECTOR = YES;
				GCC_WARN_UNINITIALIZED_AUTOS = YES_AGGRESSIVE;
				GCC_WARN_UNUSED_FUNCTION = YES;
				GCC_WARN_UNUSED_VARIABLE = YES;
				IPHONEOS_DEPLOYMENT_TARGET = 10.3;
				MTL_ENABLE_DEBUG_INFO = YES;
				ONLY_ACTIVE_ARCH = YES;
				SDKROOT = iphoneos;
				SWIFT_ACTIVE_COMPILATION_CONDITIONS = DEBUG;
				SWIFT_OPTIMIZATION_LEVEL = "-Onone";
				TARGETED_DEVICE_FAMILY = "1,2";
			};
			name = Debug;
		};
		79D80B4A1F69DF7000F01E60 /* Release */ = {
			isa = XCBuildConfiguration;
			buildSettings = {
				ALWAYS_SEARCH_USER_PATHS = NO;
				CLANG_ANALYZER_NONNULL = YES;
				CLANG_ANALYZER_NUMBER_OBJECT_CONVERSION = YES_AGGRESSIVE;
				CLANG_CXX_LANGUAGE_STANDARD = "gnu++0x";
				CLANG_CXX_LIBRARY = "libc++";
				CLANG_ENABLE_MODULES = YES;
				CLANG_ENABLE_OBJC_ARC = YES;
				CLANG_WARN_BOOL_CONVERSION = YES;
				CLANG_WARN_CONSTANT_CONVERSION = YES;
				CLANG_WARN_DIRECT_OBJC_ISA_USAGE = YES_ERROR;
				CLANG_WARN_DOCUMENTATION_COMMENTS = YES;
				CLANG_WARN_EMPTY_BODY = YES;
				CLANG_WARN_ENUM_CONVERSION = YES;
				CLANG_WARN_INFINITE_RECURSION = YES;
				CLANG_WARN_INT_CONVERSION = YES;
				CLANG_WARN_OBJC_ROOT_CLASS = YES_ERROR;
				CLANG_WARN_SUSPICIOUS_MOVE = YES;
				CLANG_WARN_UNREACHABLE_CODE = YES;
				CLANG_WARN__DUPLICATE_METHOD_MATCH = YES;
				"CODE_SIGN_IDENTITY[sdk=iphoneos*]" = "iPhone Developer";
				COPY_PHASE_STRIP = NO;
				DEBUG_INFORMATION_FORMAT = "dwarf-with-dsym";
				ENABLE_NS_ASSERTIONS = NO;
				ENABLE_STRICT_OBJC_MSGSEND = YES;
				GCC_C_LANGUAGE_STANDARD = gnu99;
				GCC_NO_COMMON_BLOCKS = YES;
				GCC_WARN_64_TO_32_BIT_CONVERSION = YES;
				GCC_WARN_ABOUT_RETURN_TYPE = YES_ERROR;
				GCC_WARN_UNDECLARED_SELECTOR = YES;
				GCC_WARN_UNINITIALIZED_AUTOS = YES_AGGRESSIVE;
				GCC_WARN_UNUSED_FUNCTION = YES;
				GCC_WARN_UNUSED_VARIABLE = YES;
				IPHONEOS_DEPLOYMENT_TARGET = 10.3;
				MTL_ENABLE_DEBUG_INFO = NO;
				SDKROOT = iphoneos;
				SWIFT_OPTIMIZATION_LEVEL = "-Owholemodule";
				TARGETED_DEVICE_FAMILY = "1,2";
				VALIDATE_PRODUCT = YES;
			};
			name = Release;
		};
		79D80B4C1F69DF7000F01E60 /* Debug */ = {
			isa = XCBuildConfiguration;
			buildSettings = {
				ASSETCATALOG_COMPILER_APPICON_NAME = AppIcon;
				INFOPLIST_FILE = hello/Info.plist;
				LD_RUNPATH_SEARCH_PATHS = "$(inherited) @executable_path/Frameworks";
				PRODUCT_BUNDLE_IDENTIFIER = James.hello;
				PRODUCT_NAME = "$(TARGET_NAME)";
				SWIFT_VERSION = 3.0;
			};
			name = Debug;
		};
		79D80B4D1F69DF7000F01E60 /* Release */ = {
			isa = XCBuildConfiguration;
			buildSettings = {
				ASSETCATALOG_COMPILER_APPICON_NAME = AppIcon;
				INFOPLIST_FILE = hello/Info.plist;
				LD_RUNPATH_SEARCH_PATHS = "$(inherited) @executable_path/Frameworks";
				PRODUCT_BUNDLE_IDENTIFIER = James.hello;
				PRODUCT_NAME = "$(TARGET_NAME)";
				SWIFT_VERSION = 3.0;
			};
			name = Release;
		};
		79D80B4F1F69DF7000F01E60 /* Debug */ = {
			isa = XCBuildConfiguration;
			buildSettings = {
				ALWAYS_EMBED_SWIFT_STANDARD_LIBRARIES = YES;
				BUNDLE_LOADER = "$(TEST_HOST)";
				INFOPLIST_FILE = helloTests/Info.plist;
				LD_RUNPATH_SEARCH_PATHS = "$(inherited) @executable_path/Frameworks @loader_path/Frameworks";
				PRODUCT_BUNDLE_IDENTIFIER = James.helloTests;
				PRODUCT_NAME = "$(TARGET_NAME)";
				SWIFT_VERSION = 3.0;
				TEST_HOST = "$(BUILT_PRODUCTS_DIR)/hello.app/hello";
			};
			name = Debug;
		};
		79D80B501F69DF7000F01E60 /* Release */ = {
			isa = XCBuildConfiguration;
			buildSettings = {
				ALWAYS_EMBED_SWIFT_STANDARD_LIBRARIES = YES;
				BUNDLE_LOADER = "$(TEST_HOST)";
				INFOPLIST_FILE = helloTests/Info.plist;
				LD_RUNPATH_SEARCH_PATHS = "$(inherited) @executable_path/Frameworks @loader_path/Frameworks";
				PRODUCT_BUNDLE_IDENTIFIER = James.helloTests;
				PRODUCT_NAME = "$(TARGET_NAME)";
				SWIFT_VERSION = 3.0;
				TEST_HOST = "$(BUILT_PRODUCTS_DIR)/hello.app/hello";
			};
			name = Release;
		};
		79D80B521F69DF7000F01E60 /* Debug */ = {
			isa = XCBuildConfiguration;
			buildSettings = {
				ALWAYS_EMBED_SWIFT_STANDARD_LIBRARIES = YES;
				INFOPLIST_FILE = helloUITests/Info.plist;
				LD_RUNPATH_SEARCH_PATHS = "$(inherited) @executable_path/Frameworks @loader_path/Frameworks";
				PRODUCT_BUNDLE_IDENTIFIER = James.helloUITests;
				PRODUCT_NAME = "$(TARGET_NAME)";
				SWIFT_VERSION = 3.0;
				TEST_TARGET_NAME = hello;
			};
			name = Debug;
		};
		79D80B531F69DF7000F01E60 /* Release */ = {
			isa = XCBuildConfiguration;
			buildSettings = {
				ALWAYS_EMBED_SWIFT_STANDARD_LIBRARIES = YES;
				INFOPLIST_FILE = helloUITests/Info.plist;
				LD_RUNPATH_SEARCH_PATHS = "$(inherited) @executable_path/Frameworks @loader_path/Frameworks";
				PRODUCT_BUNDLE_IDENTIFIER = James.helloUITests;
				PRODUCT_NAME = "$(TARGET_NAME)";
				SWIFT_VERSION = 3.0;
				TEST_TARGET_NAME = hello;
			};
			name = Release;
		};
/* End XCBuildConfiguration section */

/* Begin XCConfigurationList section */
		79D80B1B1F69DF7000F01E60 /* Build configuration list for PBXProject "hello" */ = {
			isa = XCConfigurationList;
			buildConfigurations = (
				79D80B491F69DF7000F01E60 /* Debug */,
				79D80B4A1F69DF7000F01E60 /* Release */,
			);
			defaultConfigurationIsVisible = 0;
			defaultConfigurationName = Release;
		};
		79D80B4B1F69DF7000F01E60 /* Build configuration list for PBXNativeTarget "hello" */ = {
			isa = XCConfigurationList;
			buildConfigurations = (
				79D80B4C1F69DF7000F01E60 /* Debug */,
				79D80B4D1F69DF7000F01E60 /* Release */,
			);
			defaultConfigurationIsVisible = 0;
		};
		79D80B4E1F69DF7000F01E60 /* Build configuration list for PBXNativeTarget "helloTests" */ = {
			isa = XCConfigurationList;
			buildConfigurations = (
				79D80B4F1F69DF7000F01E60 /* Debug */,
				79D80B501F69DF7000F01E60 /* Release */,
			);
			defaultConfigurationIsVisible = 0;
		};
		79D80B511F69DF7000F01E60 /* Build configuration list for PBXNativeTarget "helloUITests" */ = {
			isa = XCConfigurationList;
			buildConfigurations = (
				79D80B521F69DF7000F01E60 /* Debug */,
				79D80B531F69DF7000F01E60 /* Release */,
			);
			defaultConfigurationIsVisible = 0;
		};
/* End XCConfigurationList section */

/* Begin XCVersionGroup section */
		79D80B2A1F69DF7000F01E60 /* hello.xcdatamodeld */ = {
			isa = XCVersionGroup;
			children = (
				79D80B2B1F69DF7000F01E60 /* hello.xcdatamodel */,
			);
			currentVersion = 79D80B2B1F69DF7000F01E60 /* hello.xcdatamodel */;
			path = hello.xcdatamodeld;
			sourceTree = "<group>";
			versionGroupType = wrapper.xcdatamodel;
		};
/* End XCVersionGroup section */
	};
	rootObject = 79D80B181F69DF7000F01E60 /* Project object */;
}
